
Microsoft Visual Studio Solution File, Format Version 12.00
# Visual Studio Version 17
VisualStudioVersion = 17.8.34330.188
MinimumVisualStudioVersion = 10.0.40219.1
Project("{2150E333-8FDC-42A3-9474-1A3956D46DE8}") = "src", "src", "{4CA4DF5D-8A1A-4463-9B6B-17B15DC6C5FD}"
EndProject
Project("{9A19103F-16F7-4668-BE54-9A1E7A4F7556}") = "Api", "Api\Api.csproj", "{D27C2FA0-BD47-4710-BD23-FBB54F94C2D9}"
EndProject
Project("{9A19103F-16F7-4668-BE54-9A1E7A4F7556}") = "Application", "Application\Application.csproj", "{F138E763-D7D1-4B48-8AD9-68D807DBC33C}"
EndProject
Project("{9A19103F-16F7-4668-BE54-9A1E7A4F7556}") = "Domain", "Domain\Domain.csproj", "{C76EDD7A-C946-4F1A-A9B8-020252B584DD}"
EndProject
Project("{9A19103F-16F7-4668-BE54-9A1E7A4F7556}") = "Infrastructure", "Infrastructure\Infrastructure.csproj", "{AA79926A-E1AE-454D-A41C-4D30AFEF5602}"
EndProject
Global
	GlobalSection(SolutionConfigurationPlatforms) = preSolution
		Debug|Any CPU = Debug|Any CPU
		Release|Any CPU = Release|Any CPU
	EndGlobalSection
	GlobalSection(ProjectConfigurationPlatforms) = postSolution
		{D27C2FA0-BD47-4710-BD23-FBB54F94C2D9}.Debug|Any CPU.ActiveCfg = Debug|Any CPU
		{D27C2FA0-BD47-4710-BD23-FBB54F94C2D9}.Debug|Any CPU.Build.0 = Debug|Any CPU
		{D27C2FA0-BD47-4710-BD23-FBB54F94C2D9}.Release|Any CPU.ActiveCfg = Release|Any CPU
		{D27C2FA0-BD47-4710-BD23-FBB54F94C2D9}.Release|Any CPU.Build.0 = Release|Any CPU
		{F138E763-D7D1-4B48-8AD9-68D807DBC33C}.Debug|Any CPU.ActiveCfg = Debug|Any CPU
		{F138E763-D7D1-4B48-8AD9-68D807DBC33C}.Debug|Any CPU.Build.0 = Debug|Any CPU
		{F138E763-D7D1-4B48-8AD9-68D807DBC33C}.Release|Any CPU.ActiveCfg = Release|Any CPU
		{F138E763-D7D1-4B48-8AD9-68D807DBC33C}.Release|Any CPU.Build.0 = Release|Any CPU
		{C76EDD7A-C946-4F1A-A9B8-020252B584DD}.Debug|Any CPU.ActiveCfg = Debug|Any CPU
		{C76EDD7A-C946-4F1A-A9B8-020252B584DD}.Debug|Any CPU.Build.0 = Debug|Any CPU
		{C76EDD7A-C946-4F1A-A9B8-020252B584DD}.Release|Any CPU.ActiveCfg = Release|Any CPU
		{C76EDD7A-C946-4F1A-A9B8-020252B584DD}.Release|Any CPU.Build.0 = Release|Any CPU
		{AA79926A-E1AE-454D-A41C-4D30AFEF5602}.Debug|Any CPU.ActiveCfg = Debug|Any CPU
		{AA79926A-E1AE-454D-A41C-4D30AFEF5602}.Debug|Any CPU.Build.0 = Debug|Any CPU
		{AA79926A-E1AE-454D-A41C-4D30AFEF5602}.Release|Any CPU.ActiveCfg = Release|Any CPU
		{AA79926A-E1AE-454D-A41C-4D30AFEF5602}.Release|Any CPU.Build.0 = Release|Any CPU
	EndGlobalSection
	GlobalSection(SolutionProperties) = preSolution
		HideSolutionNode = FALSE
	EndGlobalSection
	GlobalSection(NestedProjects) = preSolution
		{D27C2FA0-BD47-4710-BD23-FBB54F94C2D9} = {4CA4DF5D-8A1A-4463-9B6B-17B15DC6C5FD}
		{F138E763-D7D1-4B48-8AD9-68D807DBC33C} = {4CA4DF5D-8A1A-4463-9B6B-17B15DC6C5FD}
		{C76EDD7A-C946-4F1A-A9B8-020252B584DD} = {4CA4DF5D-8A1A-4463-9B6B-17B15DC6C5FD}
		{AA79926A-E1AE-454D-A41C-4D30AFEF5602} = {4CA4DF5D-8A1A-4463-9B6B-17B15DC6C5FD}
	EndGlobalSection
	GlobalSection(ExtensibilityGlobals) = postSolution
		SolutionGuid = {76266FE3-9B6C-41BE-A573-8CCA94717D2C}
	EndGlobalSection
EndGlobal
